
Microsoft Visual Studio Solution File, Format Version 12.00
# Visual Studio 15
VisualStudioVersion = 15.0.27428.2015
MinimumVisualStudioVersion = 10.0.40219.1
Project("{9A19103F-16F7-4668-BE54-9A1E7A4F7556}") = "Z00bfuscator", "Z00bfuscator\Z00bfuscator.csproj", "{641F96AF-6127-4194-B57B-005D4E31F41F}"
EndProject
Project("{FAE04EC0-301F-11D3-BF4B-00C04F79EFBC}") = "Z00bfuscator.Test", "Z00bfuscator.Test\Z00bfuscator.Test.csproj", "{83F64600-8E6B-4A4E-98E6-E5D054D115DE}"
EndProject
Project("{FAE04EC0-301F-11D3-BF4B-00C04F79EFBC}") = "Z00bfuscator.Tests", "Z00bfuscator.Tests\Z00bfuscator.Tests.csproj", "{A218B7FA-065D-4483-8906-BCB8B1CA5A0C}"
EndProject
Global
	GlobalSection(SolutionConfigurationPlatforms) = preSolution
		Debug|Any CPU = Debug|Any CPU
		Release|Any CPU = Release|Any CPU
	EndGlobalSection
	GlobalSection(ProjectConfigurationPlatforms) = postSolution
		{641F96AF-6127-4194-B57B-005D4E31F41F}.Debug|Any CPU.ActiveCfg = Debug|Any CPU
		{641F96AF-6127-4194-B57B-005D4E31F41F}.Debug|Any CPU.Build.0 = Debug|Any CPU
		{641F96AF-6127-4194-B57B-005D4E31F41F}.Release|Any CPU.ActiveCfg = Release|Any CPU
		{641F96AF-6127-4194-B57B-005D4E31F41F}.Release|Any CPU.Build.0 = Release|Any CPU
		{83F64600-8E6B-4A4E-98E6-E5D054D115DE}.Debug|Any CPU.ActiveCfg = Debug|Any CPU
		{83F64600-8E6B-4A4E-98E6-E5D054D115DE}.Debug|Any CPU.Build.0 = Debug|Any CPU
		{83F64600-8E6B-4A4E-98E6-E5D054D115DE}.Release|Any CPU.ActiveCfg = Release|Any CPU
		{83F64600-8E6B-4A4E-98E6-E5D054D115DE}.Release|Any CPU.Build.0 = Release|Any CPU
		{A218B7FA-065D-4483-8906-BCB8B1CA5A0C}.Debug|Any CPU.ActiveCfg = Debug|Any CPU
		{A218B7FA-065D-4483-8906-BCB8B1CA5A0C}.Debug|Any CPU.Build.0 = Debug|Any CPU
		{A218B7FA-065D-4483-8906-BCB8B1CA5A0C}.Release|Any CPU.ActiveCfg = Release|Any CPU
		{A218B7FA-065D-4483-8906-BCB8B1CA5A0C}.Release|Any CPU.Build.0 = Release|Any CPU
	EndGlobalSection
	GlobalSection(SolutionProperties) = preSolution
		HideSolutionNode = FALSE
	EndGlobalSection
	GlobalSection(ExtensibilityGlobals) = postSolution
		SolutionGuid = {C3717B07-666D-4F09-85F8-90A29255B86B}
	EndGlobalSection
EndGlobal
